
Microsoft Visual Studio Solution File, Format Version 12.00
# Visual Studio Version 16
VisualStudioVersion = 16.0.30225.117
MinimumVisualStudioVersion = 10.0.40219.1
Project("{9A19103F-16F7-4668-BE54-9A1E7A4F7556}") = "IdentityServer", "IdentityServer.csproj", "{4EB87E5F-5046-4AFA-86C8-622DBF785544}"
EndProject
Project("{9A19103F-16F7-4668-BE54-9A1E7A4F7556}") = "Client", "..\Client\Client.csproj", "{99B30DC7-038C-4912-A7A9-C70102D7A782}"
EndProject
Project("{9A19103F-16F7-4668-BE54-9A1E7A4F7556}") = "Api2", "..\Api2\Api2.csproj", "{C5CB8B11-6F8D-43A8-9114-0BE29565126B}"
EndProject
Project("{9A19103F-16F7-4668-BE54-9A1E7A4F7556}") = "MvcClient", "..\MvcClient\MvcClient.csproj", "{AD7CE0B7-F043-4A5A-8956-E577821BCF60}"
EndProject
Global
	GlobalSection(SolutionConfigurationPlatforms) = preSolution
		Debug|Any CPU = Debug|Any CPU
		Release|Any CPU = Release|Any CPU
	EndGlobalSection
	GlobalSection(ProjectConfigurationPlatforms) = postSolution
		{4EB87E5F-5046-4AFA-86C8-622DBF785544}.Debug|Any CPU.ActiveCfg = Debug|Any CPU
		{4EB87E5F-5046-4AFA-86C8-622DBF785544}.Debug|Any CPU.Build.0 = Debug|Any CPU
		{4EB87E5F-5046-4AFA-86C8-622DBF785544}.Release|Any CPU.ActiveCfg = Release|Any CPU
		{4EB87E5F-5046-4AFA-86C8-622DBF785544}.Release|Any CPU.Build.0 = Release|Any CPU
		{99B30DC7-038C-4912-A7A9-C70102D7A782}.Debug|Any CPU.ActiveCfg = Debug|Any CPU
		{99B30DC7-038C-4912-A7A9-C70102D7A782}.Debug|Any CPU.Build.0 = Debug|Any CPU
		{99B30DC7-038C-4912-A7A9-C70102D7A782}.Release|Any CPU.ActiveCfg = Release|Any CPU
		{99B30DC7-038C-4912-A7A9-C70102D7A782}.Release|Any CPU.Build.0 = Release|Any CPU
		{C5CB8B11-6F8D-43A8-9114-0BE29565126B}.Debug|Any CPU.ActiveCfg = Debug|Any CPU
		{C5CB8B11-6F8D-43A8-9114-0BE29565126B}.Debug|Any CPU.Build.0 = Debug|Any CPU
		{C5CB8B11-6F8D-43A8-9114-0BE29565126B}.Release|Any CPU.ActiveCfg = Release|Any CPU
		{C5CB8B11-6F8D-43A8-9114-0BE29565126B}.Release|Any CPU.Build.0 = Release|Any CPU
		{AD7CE0B7-F043-4A5A-8956-E577821BCF60}.Debug|Any CPU.ActiveCfg = Debug|Any CPU
		{AD7CE0B7-F043-4A5A-8956-E577821BCF60}.Debug|Any CPU.Build.0 = Debug|Any CPU
		{AD7CE0B7-F043-4A5A-8956-E577821BCF60}.Release|Any CPU.ActiveCfg = Release|Any CPU
		{AD7CE0B7-F043-4A5A-8956-E577821BCF60}.Release|Any CPU.Build.0 = Release|Any CPU
	EndGlobalSection
	GlobalSection(SolutionProperties) = preSolution
		HideSolutionNode = FALSE
	EndGlobalSection
	GlobalSection(ExtensibilityGlobals) = postSolution
		SolutionGuid = {D46CE329-9619-43B0-8239-9429FC48203B}
	EndGlobalSection
EndGlobal
